// !$*UTF8*$!
{
	archiveVersion = 1;
	classes = {
	};
	objectVersion = 56;
	objects = {

/* Begin PBXBuildFile section */
		5A3C7B0129E14FF200F5A8F5 /* RxBlocking in Frameworks */ = {isa = PBXBuildFile; productRef = 5A3C7B0029E14FF200F5A8F5 /* RxBlocking */; };
		5A3C7B0329E150B100F5A8F5 /* RxCocoaRuntime.xcframework in CopyFiles */ = {isa = PBXBuildFile; fileRef = 5A3C932A29E1446C005AAA19 /* RxCocoaRuntime.xcframework */; settings = {ATTRIBUTES = (CodeSignOnCopy, RemoveHeadersOnCopy, ); }; };
		5A3C7B0629E151C300F5A8F5 /* MockRatesRepository.swift in Sources */ = {isa = PBXBuildFile; fileRef = 5A3C932029E0B8B2005AAA19 /* MockRatesRepository.swift */; };
		5A3C92EF29DFFD8E005AAA19 /* LatestRatesResponse.swift in Sources */ = {isa = PBXBuildFile; fileRef = 5A3C92EE29DFFD8E005AAA19 /* LatestRatesResponse.swift */; };
		5A3C92F529E00619005AAA19 /* ViewType.swift in Sources */ = {isa = PBXBuildFile; fileRef = 5A3C92F429E00619005AAA19 /* ViewType.swift */; };
		5A3C92F729E00628005AAA19 /* ViewModelType.swift in Sources */ = {isa = PBXBuildFile; fileRef = 5A3C92F629E00628005AAA19 /* ViewModelType.swift */; };
		5A3C92F929E00688005AAA19 /* RatesViewModel.swift in Sources */ = {isa = PBXBuildFile; fileRef = 5A3C92F829E00688005AAA19 /* RatesViewModel.swift */; };
		5A3C92FB29E0126F005AAA19 /* RatesRepository.swift in Sources */ = {isa = PBXBuildFile; fileRef = 5A3C92FA29E0126F005AAA19 /* RatesRepository.swift */; };
		5A3C92FD29E01CFF005AAA19 /* Extenions.swift in Sources */ = {isa = PBXBuildFile; fileRef = 5A3C92FC29E01CFF005AAA19 /* Extenions.swift */; };
		5A3C930029E0259E005AAA19 /* MBProgressHUD in Frameworks */ = {isa = PBXBuildFile; productRef = 5A3C92FF29E0259E005AAA19 /* MBProgressHUD */; };
		5A3C930229E02BB4005AAA19 /* CurrencyModel.swift in Sources */ = {isa = PBXBuildFile; fileRef = 5A3C930129E02BB4005AAA19 /* CurrencyModel.swift */; };
		5A3C930529E03283005AAA19 /* IQKeyboardManagerSwift in Frameworks */ = {isa = PBXBuildFile; productRef = 5A3C930429E03283005AAA19 /* IQKeyboardManagerSwift */; };
		5A3C931A29E0B658005AAA19 /* ViewModelTests.swift in Sources */ = {isa = PBXBuildFile; fileRef = 5A3C931929E0B658005AAA19 /* ViewModelTests.swift */; };
		5A3C931E29E0B806005AAA19 /* RatesRepositoryType.swift in Sources */ = {isa = PBXBuildFile; fileRef = 5A3C931D29E0B806005AAA19 /* RatesRepositoryType.swift */; };
		5A3C932529E143B8005AAA19 /* RxSwift in Frameworks */ = {isa = PBXBuildFile; productRef = 5A3C932429E143B8005AAA19 /* RxSwift */; };
		5A3C932729E143BC005AAA19 /* RxCocoa in Frameworks */ = {isa = PBXBuildFile; productRef = 5A3C932629E143BC005AAA19 /* RxCocoa */; };
		5A3C932929E143C0005AAA19 /* RxRelay in Frameworks */ = {isa = PBXBuildFile; productRef = 5A3C932829E143C0005AAA19 /* RxRelay */; };
		5A3C932E29E1449B005AAA19 /* MBProgressHUD in Frameworks */ = {isa = PBXBuildFile; productRef = 5A3C932D29E1449B005AAA19 /* MBProgressHUD */; };
		5A6E454329DDC61B005D5DA4 /* AppDelegate.swift in Sources */ = {isa = PBXBuildFile; fileRef = 5A6E454229DDC61B005D5DA4 /* AppDelegate.swift */; };
		5A6E454529DDC61B005D5DA4 /* SceneDelegate.swift in Sources */ = {isa = PBXBuildFile; fileRef = 5A6E454429DDC61B005D5DA4 /* SceneDelegate.swift */; };
		5A6E454729DDC61B005D5DA4 /* ViewController.swift in Sources */ = {isa = PBXBuildFile; fileRef = 5A6E454629DDC61B005D5DA4 /* ViewController.swift */; };
		5A6E454A29DDC61B005D5DA4 /* Main.storyboard in Resources */ = {isa = PBXBuildFile; fileRef = 5A6E454829DDC61B005D5DA4 /* Main.storyboard */; };
		5A6E454C29DDC61D005D5DA4 /* Assets.xcassets in Resources */ = {isa = PBXBuildFile; fileRef = 5A6E454B29DDC61D005D5DA4 /* Assets.xcassets */; };
		5A6E454F29DDC61D005D5DA4 /* LaunchScreen.storyboard in Resources */ = {isa = PBXBuildFile; fileRef = 5A6E454D29DDC61D005D5DA4 /* LaunchScreen.storyboard */; };
		5A6E455A29DDC61E005D5DA4 /* RatesModelTests.swift in Sources */ = {isa = PBXBuildFile; fileRef = 5A6E455929DDC61E005D5DA4 /* RatesModelTests.swift */; };
		5A6E457429DDCC81005D5DA4 /* Differentiator in Frameworks */ = {isa = PBXBuildFile; productRef = 5A6E457329DDCC81005D5DA4 /* Differentiator */; };
		5A6E457629DDCC81005D5DA4 /* RxDataSources in Frameworks */ = {isa = PBXBuildFile; productRef = 5A6E457529DDCC81005D5DA4 /* RxDataSources */; };
		5A6E457D29DDCDA3005D5DA4 /* RxSwiftExt in Frameworks */ = {isa = PBXBuildFile; productRef = 5A6E457C29DDCDA3005D5DA4 /* RxSwiftExt */; };
/* End PBXBuildFile section */

/* Begin PBXContainerItemProxy section */
		5A6E455629DDC61E005D5DA4 /* PBXContainerItemProxy */ = {
			isa = PBXContainerItemProxy;
			containerPortal = 5A6E453729DDC61B005D5DA4 /* Project object */;
			proxyType = 1;
			remoteGlobalIDString = 5A6E453E29DDC61B005D5DA4;
			remoteInfo = PayPay;
		};
/* End PBXContainerItemProxy section */

/* Begin PBXCopyFilesBuildPhase section */
		5A3C930E29E0B583005AAA19 /* CopyFiles */ = {
			isa = PBXCopyFilesBuildPhase;
			buildActionMask = 2147483647;
			dstPath = "";
			dstSubfolderSpec = 10;
			files = (
				5A3C7B0329E150B100F5A8F5 /* RxCocoaRuntime.xcframework in CopyFiles */,
			);
			runOnlyForDeploymentPostprocessing = 0;
		};
/* End PBXCopyFilesBuildPhase section */

/* Begin PBXFileReference section */
		5A3C92EE29DFFD8E005AAA19 /* LatestRatesResponse.swift */ = {isa = PBXFileReference; lastKnownFileType = sourcecode.swift; path = LatestRatesResponse.swift; sourceTree = "<group>"; };
		5A3C92F429E00619005AAA19 /* ViewType.swift */ = {isa = PBXFileReference; lastKnownFileType = sourcecode.swift; path = ViewType.swift; sourceTree = "<group>"; };
		5A3C92F629E00628005AAA19 /* ViewModelType.swift */ = {isa = PBXFileReference; lastKnownFileType = sourcecode.swift; path = ViewModelType.swift; sourceTree = "<group>"; };
		5A3C92F829E00688005AAA19 /* RatesViewModel.swift */ = {isa = PBXFileReference; lastKnownFileType = sourcecode.swift; path = RatesViewModel.swift; sourceTree = "<group>"; };
		5A3C92FA29E0126F005AAA19 /* RatesRepository.swift */ = {isa = PBXFileReference; lastKnownFileType = sourcecode.swift; path = RatesRepository.swift; sourceTree = "<group>"; };
		5A3C92FC29E01CFF005AAA19 /* Extenions.swift */ = {isa = PBXFileReference; lastKnownFileType = sourcecode.swift; path = Extenions.swift; sourceTree = "<group>"; };
		5A3C930129E02BB4005AAA19 /* CurrencyModel.swift */ = {isa = PBXFileReference; lastKnownFileType = sourcecode.swift; path = CurrencyModel.swift; sourceTree = "<group>"; };
		5A3C931929E0B658005AAA19 /* ViewModelTests.swift */ = {isa = PBXFileReference; lastKnownFileType = sourcecode.swift; path = ViewModelTests.swift; sourceTree = "<group>"; };
		5A3C931D29E0B806005AAA19 /* RatesRepositoryType.swift */ = {isa = PBXFileReference; lastKnownFileType = sourcecode.swift; path = RatesRepositoryType.swift; sourceTree = "<group>"; };
		5A3C932029E0B8B2005AAA19 /* MockRatesRepository.swift */ = {isa = PBXFileReference; lastKnownFileType = sourcecode.swift; path = MockRatesRepository.swift; sourceTree = "<group>"; };
		5A3C932A29E1446C005AAA19 /* RxCocoaRuntime.xcframework */ = {isa = PBXFileReference; lastKnownFileType = wrapper.xcframework; path = RxCocoaRuntime.xcframework; sourceTree = "<group>"; };
		5A6E453F29DDC61B005D5DA4 /* PayPay.app */ = {isa = PBXFileReference; explicitFileType = wrapper.application; includeInIndex = 0; path = PayPay.app; sourceTree = BUILT_PRODUCTS_DIR; };
		5A6E454229DDC61B005D5DA4 /* AppDelegate.swift */ = {isa = PBXFileReference; lastKnownFileType = sourcecode.swift; path = AppDelegate.swift; sourceTree = "<group>"; };
		5A6E454429DDC61B005D5DA4 /* SceneDelegate.swift */ = {isa = PBXFileReference; lastKnownFileType = sourcecode.swift; path = SceneDelegate.swift; sourceTree = "<group>"; };
		5A6E454629DDC61B005D5DA4 /* ViewController.swift */ = {isa = PBXFileReference; lastKnownFileType = sourcecode.swift; path = ViewController.swift; sourceTree = "<group>"; };
		5A6E454929DDC61B005D5DA4 /* Base */ = {isa = PBXFileReference; lastKnownFileType = file.storyboard; name = Base; path = Base.lproj/Main.storyboard; sourceTree = "<group>"; };
		5A6E454B29DDC61D005D5DA4 /* Assets.xcassets */ = {isa = PBXFileReference; lastKnownFileType = folder.assetcatalog; path = Assets.xcassets; sourceTree = "<group>"; };
		5A6E454E29DDC61D005D5DA4 /* Base */ = {isa = PBXFileReference; lastKnownFileType = file.storyboard; name = Base; path = Base.lproj/LaunchScreen.storyboard; sourceTree = "<group>"; };
		5A6E455029DDC61D005D5DA4 /* Info.plist */ = {isa = PBXFileReference; lastKnownFileType = text.plist.xml; path = Info.plist; sourceTree = "<group>"; };
		5A6E455529DDC61E005D5DA4 /* PayPayTests.xctest */ = {isa = PBXFileReference; explicitFileType = wrapper.cfbundle; includeInIndex = 0; path = PayPayTests.xctest; sourceTree = BUILT_PRODUCTS_DIR; };
		5A6E455929DDC61E005D5DA4 /* RatesModelTests.swift */ = {isa = PBXFileReference; lastKnownFileType = sourcecode.swift; path = RatesModelTests.swift; sourceTree = "<group>"; };
/* End PBXFileReference section */

/* Begin PBXFrameworksBuildPhase section */
		5A6E453C29DDC61B005D5DA4 /* Frameworks */ = {
			isa = PBXFrameworksBuildPhase;
			buildActionMask = 2147483647;
			files = (
				5A3C932929E143C0005AAA19 /* RxRelay in Frameworks */,
				5A3C7B0129E14FF200F5A8F5 /* RxBlocking in Frameworks */,
				5A3C930529E03283005AAA19 /* IQKeyboardManagerSwift in Frameworks */,
				5A6E457429DDCC81005D5DA4 /* Differentiator in Frameworks */,
				5A6E457D29DDCDA3005D5DA4 /* RxSwiftExt in Frameworks */,
				5A3C930029E0259E005AAA19 /* MBProgressHUD in Frameworks */,
				5A6E457629DDCC81005D5DA4 /* RxDataSources in Frameworks */,
				5A3C932729E143BC005AAA19 /* RxCocoa in Frameworks */,
				5A3C932529E143B8005AAA19 /* RxSwift in Frameworks */,
			);
			runOnlyForDeploymentPostprocessing = 0;
		};
		5A6E455229DDC61E005D5DA4 /* Frameworks */ = {
			isa = PBXFrameworksBuildPhase;
			buildActionMask = 2147483647;
			files = (
				5A3C932E29E1449B005AAA19 /* MBProgressHUD in Frameworks */,
			);
			runOnlyForDeploymentPostprocessing = 0;
		};
/* End PBXFrameworksBuildPhase section */

/* Begin PBXGroup section */
		5A3C92E929DFF90C005AAA19 /* Features */ = {
			isa = PBXGroup;
			children = (
				5A3C92EA29DFFD0F005AAA19 /* Rates */,
			);
			path = Features;
			sourceTree = "<group>";
		};
		5A3C92EA29DFFD0F005AAA19 /* Rates */ = {
			isa = PBXGroup;
			children = (
				5A3C92ED29DFFD2A005AAA19 /* ViewModel */,
				5A3C92EC29DFFD24005AAA19 /* Model */,
				5A3C92EB29DFFD1D005AAA19 /* View */,
			);
			path = Rates;
			sourceTree = "<group>";
		};
		5A3C92EB29DFFD1D005AAA19 /* View */ = {
			isa = PBXGroup;
			children = (
				5A6E454629DDC61B005D5DA4 /* ViewController.swift */,
			);
			path = View;
			sourceTree = "<group>";
		};
		5A3C92EC29DFFD24005AAA19 /* Model */ = {
			isa = PBXGroup;
			children = (
				5A3C92EE29DFFD8E005AAA19 /* LatestRatesResponse.swift */,
			);
			path = Model;
			sourceTree = "<group>";
		};
		5A3C92ED29DFFD2A005AAA19 /* ViewModel */ = {
			isa = PBXGroup;
			children = (
				5A3C92F829E00688005AAA19 /* RatesViewModel.swift */,
				5A3C930129E02BB4005AAA19 /* CurrencyModel.swift */,
			);
			path = ViewModel;
			sourceTree = "<group>";
		};
		5A3C92F029E005DD005AAA19 /* Resources */ = {
			isa = PBXGroup;
			children = (
				5A6E454829DDC61B005D5DA4 /* Main.storyboard */,
				5A6E454B29DDC61D005D5DA4 /* Assets.xcassets */,
				5A6E454D29DDC61D005D5DA4 /* LaunchScreen.storyboard */,
			);
			path = Resources;
			sourceTree = "<group>";
		};
		5A3C92F129E005F0005AAA19 /* Extensions */ = {
			isa = PBXGroup;
			children = (
				5A3C92FC29E01CFF005AAA19 /* Extenions.swift */,
			);
			path = Extensions;
			sourceTree = "<group>";
		};
		5A3C92F229E005F7005AAA19 /* Repository */ = {
			isa = PBXGroup;
			children = (
				5A3C92FA29E0126F005AAA19 /* RatesRepository.swift */,
				5A3C931D29E0B806005AAA19 /* RatesRepositoryType.swift */,
			);
			path = Repository;
			sourceTree = "<group>";
		};
		5A3C92F329E00609005AAA19 /* Base */ = {
			isa = PBXGroup;
			children = (
				5A3C92F429E00619005AAA19 /* ViewType.swift */,
				5A3C92F629E00628005AAA19 /* ViewModelType.swift */,
			);
			path = Base;
			sourceTree = "<group>";
		};
		5A6E453629DDC61B005D5DA4 = {
			isa = PBXGroup;
			children = (
				5A6E454129DDC61B005D5DA4 /* PayPay */,
				5A6E455829DDC61E005D5DA4 /* PayPayTests */,
				5A6E454029DDC61B005D5DA4 /* Products */,
				5A6E458429DDCE7F005D5DA4 /* Frameworks */,
			);
			sourceTree = "<group>";
		};
		5A6E454029DDC61B005D5DA4 /* Products */ = {
			isa = PBXGroup;
			children = (
				5A6E453F29DDC61B005D5DA4 /* PayPay.app */,
				5A6E455529DDC61E005D5DA4 /* PayPayTests.xctest */,
			);
			name = Products;
			sourceTree = "<group>";
		};
		5A6E454129DDC61B005D5DA4 /* PayPay */ = {
			isa = PBXGroup;
			children = (
				5A3C92F329E00609005AAA19 /* Base */,
				5A3C92F229E005F7005AAA19 /* Repository */,
				5A3C92F129E005F0005AAA19 /* Extensions */,
				5A3C92F029E005DD005AAA19 /* Resources */,
				5A3C92E929DFF90C005AAA19 /* Features */,
				5A6E454229DDC61B005D5DA4 /* AppDelegate.swift */,
				5A6E454429DDC61B005D5DA4 /* SceneDelegate.swift */,
				5A6E455029DDC61D005D5DA4 /* Info.plist */,
			);
			path = PayPay;
			sourceTree = "<group>";
		};
		5A6E455829DDC61E005D5DA4 /* PayPayTests */ = {
			isa = PBXGroup;
			children = (
				5A3C932A29E1446C005AAA19 /* RxCocoaRuntime.xcframework */,
				5A6E455929DDC61E005D5DA4 /* RatesModelTests.swift */,
				5A3C932029E0B8B2005AAA19 /* MockRatesRepository.swift */,
				5A3C931929E0B658005AAA19 /* ViewModelTests.swift */,
			);
			path = PayPayTests;
			sourceTree = "<group>";
		};
		5A6E458429DDCE7F005D5DA4 /* Frameworks */ = {
			isa = PBXGroup;
			children = (
			);
			name = Frameworks;
			sourceTree = "<group>";
		};
/* End PBXGroup section */

/* Begin PBXNativeTarget section */
		5A6E453E29DDC61B005D5DA4 /* PayPay */ = {
			isa = PBXNativeTarget;
			buildConfigurationList = 5A6E456929DDC61E005D5DA4 /* Build configuration list for PBXNativeTarget "PayPay" */;
			buildPhases = (
				5A6E453B29DDC61B005D5DA4 /* Sources */,
				5A6E453C29DDC61B005D5DA4 /* Frameworks */,
				5A6E453D29DDC61B005D5DA4 /* Resources */,
			);
			buildRules = (
			);
			dependencies = (
			);
			name = PayPay;
			packageProductDependencies = (
				5A6E457329DDCC81005D5DA4 /* Differentiator */,
				5A6E457529DDCC81005D5DA4 /* RxDataSources */,
				5A6E457C29DDCDA3005D5DA4 /* RxSwiftExt */,
				5A3C92FF29E0259E005AAA19 /* MBProgressHUD */,
				5A3C930429E03283005AAA19 /* IQKeyboardManagerSwift */,
				5A3C932429E143B8005AAA19 /* RxSwift */,
				5A3C932629E143BC005AAA19 /* RxCocoa */,
				5A3C932829E143C0005AAA19 /* RxRelay */,
				5A3C7B0029E14FF200F5A8F5 /* RxBlocking */,
			);
			productName = PayPay;
			productReference = 5A6E453F29DDC61B005D5DA4 /* PayPay.app */;
			productType = "com.apple.product-type.application";
		};
		5A6E455429DDC61E005D5DA4 /* PayPayTests */ = {
			isa = PBXNativeTarget;
			buildConfigurationList = 5A6E456C29DDC61E005D5DA4 /* Build configuration list for PBXNativeTarget "PayPayTests" */;
			buildPhases = (
				5A6E455129DDC61E005D5DA4 /* Sources */,
				5A6E455229DDC61E005D5DA4 /* Frameworks */,
				5A6E455329DDC61E005D5DA4 /* Resources */,
				5A3C930E29E0B583005AAA19 /* CopyFiles */,
			);
			buildRules = (
			);
			dependencies = (
				5A6E455729DDC61E005D5DA4 /* PBXTargetDependency */,
			);
			name = PayPayTests;
			packageProductDependencies = (
				5A3C932D29E1449B005AAA19 /* MBProgressHUD */,
			);
			productName = PayPayTests;
			productReference = 5A6E455529DDC61E005D5DA4 /* PayPayTests.xctest */;
			productType = "com.apple.product-type.bundle.unit-test";
		};
/* End PBXNativeTarget section */

/* Begin PBXProject section */
		5A6E453729DDC61B005D5DA4 /* Project object */ = {
			isa = PBXProject;
			attributes = {
				BuildIndependentTargetsInParallel = 1;
				LastSwiftUpdateCheck = 1420;
				LastUpgradeCheck = 1420;
				TargetAttributes = {
					5A6E453E29DDC61B005D5DA4 = {
						CreatedOnToolsVersion = 14.2;
					};
					5A6E455429DDC61E005D5DA4 = {
						CreatedOnToolsVersion = 14.2;
						TestTargetID = 5A6E453E29DDC61B005D5DA4;
					};
				};
			};
			buildConfigurationList = 5A6E453A29DDC61B005D5DA4 /* Build configuration list for PBXProject "PayPay" */;
			compatibilityVersion = "Xcode 14.0";
			developmentRegion = en;
			hasScannedForEncodings = 0;
			knownRegions = (
				en,
				Base,
			);
			mainGroup = 5A6E453629DDC61B005D5DA4;
			packageReferences = (
				5A6E457229DDCC81005D5DA4 /* XCRemoteSwiftPackageReference "RxDataSources" */,
				5A6E457B29DDCDA3005D5DA4 /* XCRemoteSwiftPackageReference "RxSwiftExt" */,
				5A3C92FE29E0259E005AAA19 /* XCRemoteSwiftPackageReference "MBProgressHUD" */,
				5A3C930329E03283005AAA19 /* XCRemoteSwiftPackageReference "IQKeyboardManager" */,
				5A3C930B29E0B539005AAA19 /* XCRemoteSwiftPackageReference "RxSwift" */,
			);
			productRefGroup = 5A6E454029DDC61B005D5DA4 /* Products */;
			projectDirPath = "";
			projectRoot = "";
			targets = (
				5A6E453E29DDC61B005D5DA4 /* PayPay */,
				5A6E455429DDC61E005D5DA4 /* PayPayTests */,
			);
		};
/* End PBXProject section */

/* Begin PBXResourcesBuildPhase section */
		5A6E453D29DDC61B005D5DA4 /* Resources */ = {
			isa = PBXResourcesBuildPhase;
			buildActionMask = 2147483647;
			files = (
				5A6E454F29DDC61D005D5DA4 /* LaunchScreen.storyboard in Resources */,
				5A6E454C29DDC61D005D5DA4 /* Assets.xcassets in Resources */,
				5A6E454A29DDC61B005D5DA4 /* Main.storyboard in Resources */,
			);
			runOnlyForDeploymentPostprocessing = 0;
		};
		5A6E455329DDC61E005D5DA4 /* Resources */ = {
			isa = PBXResourcesBuildPhase;
			buildActionMask = 2147483647;
			files = (
			);
			runOnlyForDeploymentPostprocessing = 0;
		};
/* End PBXResourcesBuildPhase section */

/* Begin PBXSourcesBuildPhase section */
		5A6E453B29DDC61B005D5DA4 /* Sources */ = {
			isa = PBXSourcesBuildPhase;
			buildActionMask = 2147483647;
			files = (
				5A3C930229E02BB4005AAA19 /* CurrencyModel.swift in Sources */,
				5A3C931E29E0B806005AAA19 /* RatesRepositoryType.swift in Sources */,
				5A3C92F529E00619005AAA19 /* ViewType.swift in Sources */,
				5A6E454729DDC61B005D5DA4 /* ViewController.swift in Sources */,
				5A3C92F729E00628005AAA19 /* ViewModelType.swift in Sources */,
				5A6E454329DDC61B005D5DA4 /* AppDelegate.swift in Sources */,
				5A3C92FD29E01CFF005AAA19 /* Extenions.swift in Sources */,
				5A6E454529DDC61B005D5DA4 /* SceneDelegate.swift in Sources */,
				5A3C92FB29E0126F005AAA19 /* RatesRepository.swift in Sources */,
				5A3C92F929E00688005AAA19 /* RatesViewModel.swift in Sources */,
				5A3C92EF29DFFD8E005AAA19 /* LatestRatesResponse.swift in Sources */,
			);
			runOnlyForDeploymentPostprocessing = 0;
		};
		5A6E455129DDC61E005D5DA4 /* Sources */ = {
			isa = PBXSourcesBuildPhase;
			buildActionMask = 2147483647;
			files = (
				5A3C7B0629E151C300F5A8F5 /* MockRatesRepository.swift in Sources */,
				5A3C931A29E0B658005AAA19 /* ViewModelTests.swift in Sources */,
				5A6E455A29DDC61E005D5DA4 /* RatesModelTests.swift in Sources */,
			);
			runOnlyForDeploymentPostprocessing = 0;
		};
/* End PBXSourcesBuildPhase section */

/* Begin PBXTargetDependency section */
		5A6E455729DDC61E005D5DA4 /* PBXTargetDependency */ = {
			isa = PBXTargetDependency;
			target = 5A6E453E29DDC61B005D5DA4 /* PayPay */;
			targetProxy = 5A6E455629DDC61E005D5DA4 /* PBXContainerItemProxy */;
		};
/* End PBXTargetDependency section */

/* Begin PBXVariantGroup section */
		5A6E454829DDC61B005D5DA4 /* Main.storyboard */ = {
			isa = PBXVariantGroup;
			children = (
				5A6E454929DDC61B005D5DA4 /* Base */,
			);
			name = Main.storyboard;
			sourceTree = "<group>";
		};
		5A6E454D29DDC61D005D5DA4 /* LaunchScreen.storyboard */ = {
			isa = PBXVariantGroup;
			children = (
				5A6E454E29DDC61D005D5DA4 /* Base */,
			);
			name = LaunchScreen.storyboard;
			sourceTree = "<group>";
		};
/* End PBXVariantGroup section */

/* Begin XCBuildConfiguration section */
		5A6E456729DDC61E005D5DA4 /* Debug */ = {
			isa = XCBuildConfiguration;
			buildSettings = {
				ALWAYS_SEARCH_USER_PATHS = NO;
				CLANG_ANALYZER_NONNULL = YES;
				CLANG_ANALYZER_NUMBER_OBJECT_CONVERSION = YES_AGGRESSIVE;
				CLANG_CXX_LANGUAGE_STANDARD = "gnu++20";
				CLANG_ENABLE_MODULES = YES;
				CLANG_ENABLE_OBJC_ARC = YES;
				CLANG_ENABLE_OBJC_WEAK = YES;
				CLANG_WARN_BLOCK_CAPTURE_AUTORELEASING = YES;
				CLANG_WARN_BOOL_CONVERSION = YES;
				CLANG_WARN_COMMA = YES;
				CLANG_WARN_CONSTANT_CONVERSION = YES;
				CLANG_WARN_DEPRECATED_OBJC_IMPLEMENTATIONS = YES;
				CLANG_WARN_DIRECT_OBJC_ISA_USAGE = YES_ERROR;
				CLANG_WARN_DOCUMENTATION_COMMENTS = YES;
				CLANG_WARN_EMPTY_BODY = YES;
				CLANG_WARN_ENUM_CONVERSION = YES;
				CLANG_WARN_INFINITE_RECURSION = YES;
				CLANG_WARN_INT_CONVERSION = YES;
				CLANG_WARN_NON_LITERAL_NULL_CONVERSION = YES;
				CLANG_WARN_OBJC_IMPLICIT_RETAIN_SELF = YES;
				CLANG_WARN_OBJC_LITERAL_CONVERSION = YES;
				CLANG_WARN_OBJC_ROOT_CLASS = YES_ERROR;
				CLANG_WARN_QUOTED_INCLUDE_IN_FRAMEWORK_HEADER = YES;
				CLANG_WARN_RANGE_LOOP_ANALYSIS = YES;
				CLANG_WARN_STRICT_PROTOTYPES = YES;
				CLANG_WARN_SUSPICIOUS_MOVE = YES;
				CLANG_WARN_UNGUARDED_AVAILABILITY = YES_AGGRESSIVE;
				CLANG_WARN_UNREACHABLE_CODE = YES;
				CLANG_WARN__DUPLICATE_METHOD_MATCH = YES;
				COPY_PHASE_STRIP = NO;
				DEBUG_INFORMATION_FORMAT = dwarf;
				ENABLE_STRICT_OBJC_MSGSEND = YES;
				ENABLE_TESTABILITY = YES;
				GCC_C_LANGUAGE_STANDARD = gnu11;
				GCC_DYNAMIC_NO_PIC = NO;
				GCC_NO_COMMON_BLOCKS = YES;
				GCC_OPTIMIZATION_LEVEL = 0;
				GCC_PREPROCESSOR_DEFINITIONS = (
					"DEBUG=1",
					"$(inherited)",
				);
				GCC_WARN_64_TO_32_BIT_CONVERSION = YES;
				GCC_WARN_ABOUT_RETURN_TYPE = YES_ERROR;
				GCC_WARN_UNDECLARED_SELECTOR = YES;
				GCC_WARN_UNINITIALIZED_AUTOS = YES_AGGRESSIVE;
				GCC_WARN_UNUSED_FUNCTION = YES;
				GCC_WARN_UNUSED_VARIABLE = YES;
				IPHONEOS_DEPLOYMENT_TARGET = 16.2;
				MTL_ENABLE_DEBUG_INFO = INCLUDE_SOURCE;
				MTL_FAST_MATH = YES;
				ONLY_ACTIVE_ARCH = YES;
				SDKROOT = iphoneos;
				SWIFT_ACTIVE_COMPILATION_CONDITIONS = DEBUG;
				SWIFT_OPTIMIZATION_LEVEL = "-Onone";
			};
			name = Debug;
		};
		5A6E456829DDC61E005D5DA4 /* Release */ = {
			isa = XCBuildConfiguration;
			buildSettings = {
				ALWAYS_SEARCH_USER_PATHS = NO;
				CLANG_ANALYZER_NONNULL = YES;
				CLANG_ANALYZER_NUMBER_OBJECT_CONVERSION = YES_AGGRESSIVE;
				CLANG_CXX_LANGUAGE_STANDARD = "gnu++20";
				CLANG_ENABLE_MODULES = YES;
				CLANG_ENABLE_OBJC_ARC = YES;
				CLANG_ENABLE_OBJC_WEAK = YES;
				CLANG_WARN_BLOCK_CAPTURE_AUTORELEASING = YES;
				CLANG_WARN_BOOL_CONVERSION = YES;
				CLANG_WARN_COMMA = YES;
				CLANG_WARN_CONSTANT_CONVERSION = YES;
				CLANG_WARN_DEPRECATED_OBJC_IMPLEMENTATIONS = YES;
				CLANG_WARN_DIRECT_OBJC_ISA_USAGE = YES_ERROR;
				CLANG_WARN_DOCUMENTATION_COMMENTS = YES;
				CLANG_WARN_EMPTY_BODY = YES;
				CLANG_WARN_ENUM_CONVERSION = YES;
				CLANG_WARN_INFINITE_RECURSION = YES;
				CLANG_WARN_INT_CONVERSION = YES;
				CLANG_WARN_NON_LITERAL_NULL_CONVERSION = YES;
				CLANG_WARN_OBJC_IMPLICIT_RETAIN_SELF = YES;
				CLANG_WARN_OBJC_LITERAL_CONVERSION = YES;
				CLANG_WARN_OBJC_ROOT_CLASS = YES_ERROR;
				CLANG_WARN_QUOTED_INCLUDE_IN_FRAMEWORK_HEADER = YES;
				CLANG_WARN_RANGE_LOOP_ANALYSIS = YES;
				CLANG_WARN_STRICT_PROTOTYPES = YES;
				CLANG_WARN_SUSPICIOUS_MOVE = YES;
				CLANG_WARN_UNGUARDED_AVAILABILITY = YES_AGGRESSIVE;
				CLANG_WARN_UNREACHABLE_CODE = YES;
				CLANG_WARN__DUPLICATE_METHOD_MATCH = YES;
				COPY_PHASE_STRIP = NO;
				DEBUG_INFORMATION_FORMAT = "dwarf-with-dsym";
				ENABLE_NS_ASSERTIONS = NO;
				ENABLE_STRICT_OBJC_MSGSEND = YES;
				GCC_C_LANGUAGE_STANDARD = gnu11;
				GCC_NO_COMMON_BLOCKS = YES;
				GCC_WARN_64_TO_32_BIT_CONVERSION = YES;
				GCC_WARN_ABOUT_RETURN_TYPE = YES_ERROR;
				GCC_WARN_UNDECLARED_SELECTOR = YES;
				GCC_WARN_UNINITIALIZED_AUTOS = YES_AGGRESSIVE;
				GCC_WARN_UNUSED_FUNCTION = YES;
				GCC_WARN_UNUSED_VARIABLE = YES;
				IPHONEOS_DEPLOYMENT_TARGET = 16.2;
				MTL_ENABLE_DEBUG_INFO = NO;
				MTL_FAST_MATH = YES;
				SDKROOT = iphoneos;
				SWIFT_COMPILATION_MODE = wholemodule;
				SWIFT_OPTIMIZATION_LEVEL = "-O";
				VALIDATE_PRODUCT = YES;
			};
			name = Release;
		};
		5A6E456A29DDC61E005D5DA4 /* Debug */ = {
			isa = XCBuildConfiguration;
			buildSettings = {
				ASSETCATALOG_COMPILER_APPICON_NAME = AppIcon;
				ASSETCATALOG_COMPILER_GLOBAL_ACCENT_COLOR_NAME = AccentColor;
				CODE_SIGN_STYLE = Automatic;
				CURRENT_PROJECT_VERSION = 1;
				DEVELOPMENT_TEAM = YN3DP5955V;
				GENERATE_INFOPLIST_FILE = YES;
				INFOPLIST_FILE = PayPay/Info.plist;
				INFOPLIST_KEY_UIApplicationSupportsIndirectInputEvents = YES;
				INFOPLIST_KEY_UILaunchStoryboardName = LaunchScreen;
				INFOPLIST_KEY_UIMainStoryboardFile = Main;
				INFOPLIST_KEY_UISupportedInterfaceOrientations_iPad = "UIInterfaceOrientationPortrait UIInterfaceOrientationPortraitUpsideDown UIInterfaceOrientationLandscapeLeft UIInterfaceOrientationLandscapeRight";
				INFOPLIST_KEY_UISupportedInterfaceOrientations_iPhone = "UIInterfaceOrientationPortrait UIInterfaceOrientationLandscapeLeft UIInterfaceOrientationLandscapeRight";
				LD_RUNPATH_SEARCH_PATHS = (
					"$(inherited)",
					"@executable_path/Frameworks",
				);
				MARKETING_VERSION = 1.0;
				PRODUCT_BUNDLE_IDENTIFIER = com.duyquang.PayPay;
				PRODUCT_NAME = "$(TARGET_NAME)";
				SWIFT_EMIT_LOC_STRINGS = YES;
				SWIFT_VERSION = 5.0;
				TARGETED_DEVICE_FAMILY = "1,2";
			};
			name = Debug;
		};
		5A6E456B29DDC61E005D5DA4 /* Release */ = {
			isa = XCBuildConfiguration;
			buildSettings = {
				ASSETCATALOG_COMPILER_APPICON_NAME = AppIcon;
				ASSETCATALOG_COMPILER_GLOBAL_ACCENT_COLOR_NAME = AccentColor;
				CODE_SIGN_STYLE = Automatic;
				CURRENT_PROJECT_VERSION = 1;
				DEVELOPMENT_TEAM = YN3DP5955V;
				GENERATE_INFOPLIST_FILE = YES;
				INFOPLIST_FILE = PayPay/Info.plist;
				INFOPLIST_KEY_UIApplicationSupportsIndirectInputEvents = YES;
				INFOPLIST_KEY_UILaunchStoryboardName = LaunchScreen;
				INFOPLIST_KEY_UIMainStoryboardFile = Main;
				INFOPLIST_KEY_UISupportedInterfaceOrientations_iPad = "UIInterfaceOrientationPortrait UIInterfaceOrientationPortraitUpsideDown UIInterfaceOrientationLandscapeLeft UIInterfaceOrientationLandscapeRight";
				INFOPLIST_KEY_UISupportedInterfaceOrientations_iPhone = "UIInterfaceOrientationPortrait UIInterfaceOrientationLandscapeLeft UIInterfaceOrientationLandscapeRight";
				LD_RUNPATH_SEARCH_PATHS = (
					"$(inherited)",
					"@executable_path/Frameworks",
				);
				MARKETING_VERSION = 1.0;
				PRODUCT_BUNDLE_IDENTIFIER = com.duyquang.PayPay;
				PRODUCT_NAME = "$(TARGET_NAME)";
				SWIFT_EMIT_LOC_STRINGS = YES;
				SWIFT_VERSION = 5.0;
				TARGETED_DEVICE_FAMILY = "1,2";
			};
			name = Release;
		};
		5A6E456D29DDC61E005D5DA4 /* Debug */ = {
			isa = XCBuildConfiguration;
			buildSettings = {
				ALWAYS_EMBED_SWIFT_STANDARD_LIBRARIES = YES;
				BUNDLE_LOADER = "$(TEST_HOST)";
				CODE_SIGN_STYLE = Automatic;
				CURRENT_PROJECT_VERSION = 1;
				DEVELOPMENT_TEAM = YN3DP5955V;
				GENERATE_INFOPLIST_FILE = YES;
				IPHONEOS_DEPLOYMENT_TARGET = 16.2;
				MARKETING_VERSION = 1.0;
				PRODUCT_BUNDLE_IDENTIFIER = com.duyquang.PayPayTests;
				PRODUCT_NAME = "$(TARGET_NAME)";
				SWIFT_EMIT_LOC_STRINGS = NO;
				SWIFT_VERSION = 5.0;
				TARGETED_DEVICE_FAMILY = "1,2";
				TEST_HOST = "$(BUILT_PRODUCTS_DIR)/PayPay.app/$(BUNDLE_EXECUTABLE_FOLDER_PATH)/PayPay";
			};
			name = Debug;
		};
		5A6E456E29DDC61E005D5DA4 /* Release */ = {
			isa = XCBuildConfiguration;
			buildSettings = {
				ALWAYS_EMBED_SWIFT_STANDARD_LIBRARIES = YES;
				BUNDLE_LOADER = "$(TEST_HOST)";
				CODE_SIGN_STYLE = Automatic;
				CURRENT_PROJECT_VERSION = 1;
				DEVELOPMENT_TEAM = YN3DP5955V;
				GENERATE_INFOPLIST_FILE = YES;
				IPHONEOS_DEPLOYMENT_TARGET = 16.2;
				MARKETING_VERSION = 1.0;
				PRODUCT_BUNDLE_IDENTIFIER = com.duyquang.PayPayTests;
				PRODUCT_NAME = "$(TARGET_NAME)";
				SWIFT_EMIT_LOC_STRINGS = NO;
				SWIFT_VERSION = 5.0;
				TARGETED_DEVICE_FAMILY = "1,2";
				TEST_HOST = "$(BUILT_PRODUCTS_DIR)/PayPay.app/$(BUNDLE_EXECUTABLE_FOLDER_PATH)/PayPay";
			};
			name = Release;
		};
/* End XCBuildConfiguration section */

/* Begin XCConfigurationList section */
		5A6E453A29DDC61B005D5DA4 /* Build configuration list for PBXProject "PayPay" */ = {
			isa = XCConfigurationList;
			buildConfigurations = (
				5A6E456729DDC61E005D5DA4 /* Debug */,
				5A6E456829DDC61E005D5DA4 /* Release */,
			);
			defaultConfigurationIsVisible = 0;
			defaultConfigurationName = Release;
		};
		5A6E456929DDC61E005D5DA4 /* Build configuration list for PBXNativeTarget "PayPay" */ = {
			isa = XCConfigurationList;
			buildConfigurations = (
				5A6E456A29DDC61E005D5DA4 /* Debug */,
				5A6E456B29DDC61E005D5DA4 /* Release */,
			);
			defaultConfigurationIsVisible = 0;
			defaultConfigurationName = Release;
		};
		5A6E456C29DDC61E005D5DA4 /* Build configuration list for PBXNativeTarget "PayPayTests" */ = {
			isa = XCConfigurationList;
			buildConfigurations = (
				5A6E456D29DDC61E005D5DA4 /* Debug */,
				5A6E456E29DDC61E005D5DA4 /* Release */,
			);
			defaultConfigurationIsVisible = 0;
			defaultConfigurationName = Release;
		};
/* End XCConfigurationList section */

/* Begin XCRemoteSwiftPackageReference section */
		5A3C92FE29E0259E005AAA19 /* XCRemoteSwiftPackageReference "MBProgressHUD" */ = {
			isa = XCRemoteSwiftPackageReference;
			repositoryURL = "https://github.com/jdg/MBProgressHUD";
			requirement = {
				kind = upToNextMajorVersion;
				minimumVersion = 1.0.0;
			};
		};
		5A3C930329E03283005AAA19 /* XCRemoteSwiftPackageReference "IQKeyboardManager" */ = {
			isa = XCRemoteSwiftPackageReference;
			repositoryURL = "https://github.com/hackiftekhar/IQKeyboardManager";
			requirement = {
				kind = upToNextMajorVersion;
				minimumVersion = 6.0.0;
			};
		};
		5A3C930B29E0B539005AAA19 /* XCRemoteSwiftPackageReference "RxSwift" */ = {
			isa = XCRemoteSwiftPackageReference;
			repositoryURL = "https://github.com/ReactiveX/RxSwift";
			requirement = {
				kind = upToNextMajorVersion;
				minimumVersion = 6.0.0;
			};
		};
		5A6E457229DDCC81005D5DA4 /* XCRemoteSwiftPackageReference "RxDataSources" */ = {
			isa = XCRemoteSwiftPackageReference;
			repositoryURL = "https://github.com/RxSwiftCommunity/RxDataSources";
			requirement = {
				kind = upToNextMajorVersion;
				minimumVersion = 5.0.0;
			};
		};
		5A6E457B29DDCDA3005D5DA4 /* XCRemoteSwiftPackageReference "RxSwiftExt" */ = {
			isa = XCRemoteSwiftPackageReference;
			repositoryURL = "https://github.com/RxSwiftCommunity/RxSwiftExt";
			requirement = {
				kind = upToNextMajorVersion;
				minimumVersion = 6.0.0;
			};
		};
/* End XCRemoteSwiftPackageReference section */

/* Begin XCSwiftPackageProductDependency section */
		5A3C7B0029E14FF200F5A8F5 /* RxBlocking */ = {
			isa = XCSwiftPackageProductDependency;
			package = 5A3C930B29E0B539005AAA19 /* XCRemoteSwiftPackageReference "RxSwift" */;
			productName = RxBlocking;
		};
		5A3C92FF29E0259E005AAA19 /* MBProgressHUD */ = {
			isa = XCSwiftPackageProductDependency;
			package = 5A3C92FE29E0259E005AAA19 /* XCRemoteSwiftPackageReference "MBProgressHUD" */;
			productName = MBProgressHUD;
		};
		5A3C930429E03283005AAA19 /* IQKeyboardManagerSwift */ = {
			isa = XCSwiftPackageProductDependency;
			package = 5A3C930329E03283005AAA19 /* XCRemoteSwiftPackageReference "IQKeyboardManager" */;
			productName = IQKeyboardManagerSwift;
		};
		5A3C932429E143B8005AAA19 /* RxSwift */ = {
			isa = XCSwiftPackageProductDependency;
			package = 5A3C930B29E0B539005AAA19 /* XCRemoteSwiftPackageReference "RxSwift" */;
			productName = RxSwift;
		};
		5A3C932629E143BC005AAA19 /* RxCocoa */ = {
			isa = XCSwiftPackageProductDependency;
			package = 5A3C930B29E0B539005AAA19 /* XCRemoteSwiftPackageReference "RxSwift" */;
			productName = RxCocoa;
		};
		5A3C932829E143C0005AAA19 /* RxRelay */ = {
			isa = XCSwiftPackageProductDependency;
			package = 5A3C930B29E0B539005AAA19 /* XCRemoteSwiftPackageReference "RxSwift" */;
			productName = RxRelay;
		};
		5A3C932D29E1449B005AAA19 /* MBProgressHUD */ = {
			isa = XCSwiftPackageProductDependency;
			package = 5A3C92FE29E0259E005AAA19 /* XCRemoteSwiftPackageReference "MBProgressHUD" */;
			productName = MBProgressHUD;
		};
		5A6E457329DDCC81005D5DA4 /* Differentiator */ = {
			isa = XCSwiftPackageProductDependency;
			package = 5A6E457229DDCC81005D5DA4 /* XCRemoteSwiftPackageReference "RxDataSources" */;
			productName = Differentiator;
		};
		5A6E457529DDCC81005D5DA4 /* RxDataSources */ = {
			isa = XCSwiftPackageProductDependency;
			package = 5A6E457229DDCC81005D5DA4 /* XCRemoteSwiftPackageReference "RxDataSources" */;
			productName = RxDataSources;
		};
		5A6E457C29DDCDA3005D5DA4 /* RxSwiftExt */ = {
			isa = XCSwiftPackageProductDependency;
			package = 5A6E457B29DDCDA3005D5DA4 /* XCRemoteSwiftPackageReference "RxSwiftExt" */;
			productName = RxSwiftExt;
		};
/* End XCSwiftPackageProductDependency section */
	};
	rootObject = 5A6E453729DDC61B005D5DA4 /* Project object */;
}
